{
  "name": "clientapp",
  "version": "1.0.0",
  "lockfileVersion": 1,
  "requires": true,
  "dependencies": {
    "@types/prop-types": {
      "version": "15.5.5",
      "resolved": "https://registry.npmjs.org/@types/prop-types/-/prop-types-15.5.5.tgz",
      "integrity": "sha512-mOrlCEdwX3seT3n0AXNt4KNPAZZxcsABUHwBgFXOt+nvFUXkxCAO6UBJHPrDxWEa2KDMil86355fjo8jbZ+K0Q==",
      "requires": {
        "@types/react": "*"
      }
    },
    "@types/react": {
      "version": "16.4.11",
      "resolved": "https://registry.npmjs.org/@types/react/-/react-16.4.11.tgz",
      "integrity": "sha512-1DQnmwO8u8N3ucvRX2ZLDEjQ2VctkAvL/rpbm2ev4uaZA0z4ysU+I0tk+K8ZLblC6p7MCgFyF+cQlSNIPUHzeQ==",
      "requires": {
        "@types/prop-types": "*",
        "csstype": "^2.2.0"
      }
    },
    "@types/react-data-grid": {
      "version": "2.0.13",
      "resolved": "https://registry.npmjs.org/@types/react-data-grid/-/react-data-grid-2.0.13.tgz",
      "integrity": "sha512-bT+ozOseJPkBV/ASnC91ML62M4OoSEQZcHBM7PSMkgYeBuLAbIgZ4yFs0c7OFEexdPpse9jhfvjfcA7XMN1xng==",
      "requires": {
        "@types/react": "*"
      }
    },
    "csstype": {
      "version": "2.5.6",
      "resolved": "https://registry.npmjs.org/csstype/-/csstype-2.5.6.tgz",
      "integrity": "sha512-tKPyhy0FmfYD2KQYXD5GzkvAYLYj96cMLXr648CKGd3wBe0QqoPipImjGiLze9c8leJK8J3n7ap90tpk3E6HGQ=="
    },
    "react-data-grid": {
      "version": "4.0.8",
      "resolved": "https://registry.npmjs.org/react-data-grid/-/react-data-grid-4.0.8.tgz",
      "integrity": "sha512-APlFLSG6UKRHXE162yH+Rnn3J+i+rX2n7WCHKbQrYgzW57v9i+72gGrE22iLC2h/kPsGs40JcZmW3OOkRqkPxA=="
    }
  }
}
